// !$*UTF8*$!
{
	archiveVersion = 1;
	classes = {
	};
	objectVersion = 56;
	objects = {

/* Begin PBXBuildFile section */
		9EFC784E2BA044D80027F6C8 /* AppDelegate.swift in Sources */ = {isa = PBXBuildFile; fileRef = 9EFC784D2BA044D80027F6C8 /* AppDelegate.swift */; };
		9EFC78502BA044D80027F6C8 /* SceneDelegate.swift in Sources */ = {isa = PBXBuildFile; fileRef = 9EFC784F2BA044D80027F6C8 /* SceneDelegate.swift */; };
		9EFC78572BA044D90027F6C8 /* Assets.xcassets in Resources */ = {isa = PBXBuildFile; fileRef = 9EFC78562BA044D90027F6C8 /* Assets.xcassets */; };
		9EFC785A2BA044D90027F6C8 /* Base in Resources */ = {isa = PBXBuildFile; fileRef = 9EFC78592BA044D90027F6C8 /* Base */; };
		9EFC78642BA047610027F6C8 /* UsersViewController.swift in Sources */ = {isa = PBXBuildFile; fileRef = 9EFC78622BA047610027F6C8 /* UsersViewController.swift */; };
		9EFC78652BA047610027F6C8 /* UsersViewController.xib in Resources */ = {isa = PBXBuildFile; fileRef = 9EFC78632BA047610027F6C8 /* UsersViewController.xib */; };
		9EFC78692BA04D2C0027F6C8 /* User.swift in Sources */ = {isa = PBXBuildFile; fileRef = 9EFC78682BA04D2C0027F6C8 /* User.swift */; };
		9EFC786C2BA04DBD0027F6C8 /* GetUsersUseCase.swift in Sources */ = {isa = PBXBuildFile; fileRef = 9EFC786B2BA04DBD0027F6C8 /* GetUsersUseCase.swift */; };
		9EFC786F2BA0519A0027F6C8 /* UserRepository.swift in Sources */ = {isa = PBXBuildFile; fileRef = 9EFC786E2BA0519A0027F6C8 /* UserRepository.swift */; };
		9EFC78712BA0521D0027F6C8 /* UserRepositoryImplementation.swift in Sources */ = {isa = PBXBuildFile; fileRef = 9EFC78702BA0521D0027F6C8 /* UserRepositoryImplementation.swift */; };
		9EFC78732BA052ED0027F6C8 /* GetUsersUseCaseImplementation.swift in Sources */ = {isa = PBXBuildFile; fileRef = 9EFC78722BA052ED0027F6C8 /* GetUsersUseCaseImplementation.swift */; };
		9EFC78762BA054220027F6C8 /* UsersPresenter.swift in Sources */ = {isa = PBXBuildFile; fileRef = 9EFC78752BA054220027F6C8 /* UsersPresenter.swift */; };
		9EFC78782BA054420027F6C8 /* UserPresenterImplementation.swift in Sources */ = {isa = PBXBuildFile; fileRef = 9EFC78772BA054420027F6C8 /* UserPresenterImplementation.swift */; };
		9EFC787B2BA054D20027F6C8 /* UsersView.swift in Sources */ = {isa = PBXBuildFile; fileRef = 9EFC787A2BA054D20027F6C8 /* UsersView.swift */; };
		9EFC787D2BA054F20027F6C8 /* UserViewModel.swift in Sources */ = {isa = PBXBuildFile; fileRef = 9EFC787C2BA054F20027F6C8 /* UserViewModel.swift */; };
		9EFC78802BA0564F0027F6C8 /* UsersRouter.swift in Sources */ = {isa = PBXBuildFile; fileRef = 9EFC787F2BA0564F0027F6C8 /* UsersRouter.swift */; };
		9EFC78822BA0566D0027F6C8 /* UsersRouterImplement.swift in Sources */ = {isa = PBXBuildFile; fileRef = 9EFC78812BA0566D0027F6C8 /* UsersRouterImplement.swift */; };
		9EFC78852BA0569F0027F6C8 /* UserDetailViewController.swift in Sources */ = {isa = PBXBuildFile; fileRef = 9EFC78832BA0569F0027F6C8 /* UserDetailViewController.swift */; };
		9EFC78862BA0569F0027F6C8 /* UserDetailViewController.xib in Resources */ = {isa = PBXBuildFile; fileRef = 9EFC78842BA0569F0027F6C8 /* UserDetailViewController.xib */; };
		9EFC78882BA059690027F6C8 /* UserViewImplement.swift in Sources */ = {isa = PBXBuildFile; fileRef = 9EFC78872BA059690027F6C8 /* UserViewImplement.swift */; };
		9EFC788B2BA14C810027F6C8 /* ViewControllerFactory.swift in Sources */ = {isa = PBXBuildFile; fileRef = 9EFC788A2BA14C810027F6C8 /* ViewControllerFactory.swift */; };
/* End PBXBuildFile section */

/* Begin PBXFileReference section */
		9EFC784A2BA044D80027F6C8 /* CleanArchitectureDemo.app */ = {isa = PBXFileReference; explicitFileType = wrapper.application; includeInIndex = 0; path = CleanArchitectureDemo.app; sourceTree = BUILT_PRODUCTS_DIR; };
		9EFC784D2BA044D80027F6C8 /* AppDelegate.swift */ = {isa = PBXFileReference; lastKnownFileType = sourcecode.swift; path = AppDelegate.swift; sourceTree = "<group>"; };
		9EFC784F2BA044D80027F6C8 /* SceneDelegate.swift */ = {isa = PBXFileReference; lastKnownFileType = sourcecode.swift; path = SceneDelegate.swift; sourceTree = "<group>"; };
		9EFC78562BA044D90027F6C8 /* Assets.xcassets */ = {isa = PBXFileReference; lastKnownFileType = folder.assetcatalog; path = Assets.xcassets; sourceTree = "<group>"; };
		9EFC78592BA044D90027F6C8 /* Base */ = {isa = PBXFileReference; lastKnownFileType = file.storyboard; name = Base; path = Base.lproj/LaunchScreen.storyboard; sourceTree = "<group>"; };
		9EFC785B2BA044D90027F6C8 /* Info.plist */ = {isa = PBXFileReference; lastKnownFileType = text.plist.xml; path = Info.plist; sourceTree = "<group>"; };
		9EFC78622BA047610027F6C8 /* UsersViewController.swift */ = {isa = PBXFileReference; lastKnownFileType = sourcecode.swift; path = UsersViewController.swift; sourceTree = "<group>"; };
		9EFC78632BA047610027F6C8 /* UsersViewController.xib */ = {isa = PBXFileReference; lastKnownFileType = file.xib; path = UsersViewController.xib; sourceTree = "<group>"; };
		9EFC78682BA04D2C0027F6C8 /* User.swift */ = {isa = PBXFileReference; lastKnownFileType = sourcecode.swift; path = User.swift; sourceTree = "<group>"; };
		9EFC786B2BA04DBD0027F6C8 /* GetUsersUseCase.swift */ = {isa = PBXFileReference; lastKnownFileType = sourcecode.swift; path = GetUsersUseCase.swift; sourceTree = "<group>"; };
		9EFC786E2BA0519A0027F6C8 /* UserRepository.swift */ = {isa = PBXFileReference; lastKnownFileType = sourcecode.swift; path = UserRepository.swift; sourceTree = "<group>"; };
		9EFC78702BA0521D0027F6C8 /* UserRepositoryImplementation.swift */ = {isa = PBXFileReference; lastKnownFileType = sourcecode.swift; path = UserRepositoryImplementation.swift; sourceTree = "<group>"; };
		9EFC78722BA052ED0027F6C8 /* GetUsersUseCaseImplementation.swift */ = {isa = PBXFileReference; lastKnownFileType = sourcecode.swift; path = GetUsersUseCaseImplementation.swift; sourceTree = "<group>"; };
		9EFC78752BA054220027F6C8 /* UsersPresenter.swift */ = {isa = PBXFileReference; lastKnownFileType = sourcecode.swift; path = UsersPresenter.swift; sourceTree = "<group>"; };
		9EFC78772BA054420027F6C8 /* UserPresenterImplementation.swift */ = {isa = PBXFileReference; lastKnownFileType = sourcecode.swift; path = UserPresenterImplementation.swift; sourceTree = "<group>"; };
		9EFC787A2BA054D20027F6C8 /* UsersView.swift */ = {isa = PBXFileReference; lastKnownFileType = sourcecode.swift; path = UsersView.swift; sourceTree = "<group>"; };
		9EFC787C2BA054F20027F6C8 /* UserViewModel.swift */ = {isa = PBXFileReference; lastKnownFileType = sourcecode.swift; path = UserViewModel.swift; sourceTree = "<group>"; };
		9EFC787F2BA0564F0027F6C8 /* UsersRouter.swift */ = {isa = PBXFileReference; lastKnownFileType = sourcecode.swift; path = UsersRouter.swift; sourceTree = "<group>"; };
		9EFC78812BA0566D0027F6C8 /* UsersRouterImplement.swift */ = {isa = PBXFileReference; lastKnownFileType = sourcecode.swift; path = UsersRouterImplement.swift; sourceTree = "<group>"; };
		9EFC78832BA0569F0027F6C8 /* UserDetailViewController.swift */ = {isa = PBXFileReference; lastKnownFileType = sourcecode.swift; path = UserDetailViewController.swift; sourceTree = "<group>"; };
		9EFC78842BA0569F0027F6C8 /* UserDetailViewController.xib */ = {isa = PBXFileReference; lastKnownFileType = file.xib; path = UserDetailViewController.xib; sourceTree = "<group>"; };
		9EFC78872BA059690027F6C8 /* UserViewImplement.swift */ = {isa = PBXFileReference; lastKnownFileType = sourcecode.swift; path = UserViewImplement.swift; sourceTree = "<group>"; };
		9EFC788A2BA14C810027F6C8 /* ViewControllerFactory.swift */ = {isa = PBXFileReference; lastKnownFileType = sourcecode.swift; path = ViewControllerFactory.swift; sourceTree = "<group>"; };
/* End PBXFileReference section */

/* Begin PBXFrameworksBuildPhase section */
		9EFC78472BA044D80027F6C8 /* Frameworks */ = {
			isa = PBXFrameworksBuildPhase;
			buildActionMask = 2147483647;
			files = (
			);
			runOnlyForDeploymentPostprocessing = 0;
		};
/* End PBXFrameworksBuildPhase section */

/* Begin PBXGroup section */
		9EFC78412BA044D80027F6C8 = {
			isa = PBXGroup;
			children = (
				9EFC784C2BA044D80027F6C8 /* CleanArchitectureDemo */,
				9EFC784B2BA044D80027F6C8 /* Products */,
			);
			sourceTree = "<group>";
		};
		9EFC784B2BA044D80027F6C8 /* Products */ = {
			isa = PBXGroup;
			children = (
				9EFC784A2BA044D80027F6C8 /* CleanArchitectureDemo.app */,
			);
			name = Products;
			sourceTree = "<group>";
		};
		9EFC784C2BA044D80027F6C8 /* CleanArchitectureDemo */ = {
			isa = PBXGroup;
			children = (
				9EFC78662BA0476D0027F6C8 /* AppDelegate */,
				9EFC78672BA04D1F0027F6C8 /* Entities */,
				9EFC786A2BA04D540027F6C8 /* UseCases */,
				9EFC786D2BA051870027F6C8 /* Repositories */,
				9EFC78742BA054070027F6C8 /* Presenters */,
				9EFC787E2BA056420027F6C8 /* Routers */,
				9EFC78792BA054C40027F6C8 /* Views */,
				9EFC78892BA14C5E0027F6C8 /* Factories */,
				9EFC78612BA0472C0027F6C8 /* Controllers */,
				9EFC78562BA044D90027F6C8 /* Assets.xcassets */,
				9EFC78582BA044D90027F6C8 /* LaunchScreen.storyboard */,
				9EFC785B2BA044D90027F6C8 /* Info.plist */,
			);
			path = CleanArchitectureDemo;
			sourceTree = "<group>";
		};
		9EFC78612BA0472C0027F6C8 /* Controllers */ = {
			isa = PBXGroup;
			children = (
				9EFC78622BA047610027F6C8 /* UsersViewController.swift */,
				9EFC78632BA047610027F6C8 /* UsersViewController.xib */,
				9EFC78832BA0569F0027F6C8 /* UserDetailViewController.swift */,
				9EFC78842BA0569F0027F6C8 /* UserDetailViewController.xib */,
			);
			path = Controllers;
			sourceTree = "<group>";
		};
		9EFC78662BA0476D0027F6C8 /* AppDelegate */ = {
			isa = PBXGroup;
			children = (
				9EFC784D2BA044D80027F6C8 /* AppDelegate.swift */,
				9EFC784F2BA044D80027F6C8 /* SceneDelegate.swift */,
			);
			path = AppDelegate;
			sourceTree = "<group>";
		};
		9EFC78672BA04D1F0027F6C8 /* Entities */ = {
			isa = PBXGroup;
			children = (
				9EFC78682BA04D2C0027F6C8 /* User.swift */,
			);
			path = Entities;
			sourceTree = "<group>";
		};
		9EFC786A2BA04D540027F6C8 /* UseCases */ = {
			isa = PBXGroup;
			children = (
				9EFC786B2BA04DBD0027F6C8 /* GetUsersUseCase.swift */,
				9EFC78722BA052ED0027F6C8 /* GetUsersUseCaseImplementation.swift */,
			);
			path = UseCases;
			sourceTree = "<group>";
		};
		9EFC786D2BA051870027F6C8 /* Repositories */ = {
			isa = PBXGroup;
			children = (
				9EFC786E2BA0519A0027F6C8 /* UserRepository.swift */,
				9EFC78702BA0521D0027F6C8 /* UserRepositoryImplementation.swift */,
			);
			path = Repositories;
			sourceTree = "<group>";
		};
		9EFC78742BA054070027F6C8 /* Presenters */ = {
			isa = PBXGroup;
			children = (
				9EFC78752BA054220027F6C8 /* UsersPresenter.swift */,
				9EFC78772BA054420027F6C8 /* UserPresenterImplementation.swift */,
			);
			path = Presenters;
			sourceTree = "<group>";
		};
		9EFC78792BA054C40027F6C8 /* Views */ = {
			isa = PBXGroup;
			children = (
				9EFC787A2BA054D20027F6C8 /* UsersView.swift */,
				9EFC787C2BA054F20027F6C8 /* UserViewModel.swift */,
				9EFC78872BA059690027F6C8 /* UserViewImplement.swift */,
			);
			path = Views;
			sourceTree = "<group>";
		};
		9EFC787E2BA056420027F6C8 /* Routers */ = {
			isa = PBXGroup;
			children = (
				9EFC787F2BA0564F0027F6C8 /* UsersRouter.swift */,
				9EFC78812BA0566D0027F6C8 /* UsersRouterImplement.swift */,
			);
			path = Routers;
			sourceTree = "<group>";
		};
		9EFC78892BA14C5E0027F6C8 /* Factories */ = {
			isa = PBXGroup;
			children = (
				9EFC788A2BA14C810027F6C8 /* ViewControllerFactory.swift */,
			);
			path = Factories;
			sourceTree = "<group>";
		};
/* End PBXGroup section */

/* Begin PBXNativeTarget section */
		9EFC78492BA044D80027F6C8 /* CleanArchitectureDemo */ = {
			isa = PBXNativeTarget;
			buildConfigurationList = 9EFC785E2BA044D90027F6C8 /* Build configuration list for PBXNativeTarget "CleanArchitectureDemo" */;
			buildPhases = (
				9EFC78462BA044D80027F6C8 /* Sources */,
				9EFC78472BA044D80027F6C8 /* Frameworks */,
				9EFC78482BA044D80027F6C8 /* Resources */,
			);
			buildRules = (
			);
			dependencies = (
			);
			name = CleanArchitectureDemo;
			productName = CleanArchitectureDemo;
			productReference = 9EFC784A2BA044D80027F6C8 /* CleanArchitectureDemo.app */;
			productType = "com.apple.product-type.application";
		};
/* End PBXNativeTarget section */

/* Begin PBXProject section */
		9EFC78422BA044D80027F6C8 /* Project object */ = {
			isa = PBXProject;
			attributes = {
				BuildIndependentTargetsInParallel = 1;
				LastSwiftUpdateCheck = 1530;
				LastUpgradeCheck = 1530;
				TargetAttributes = {
					9EFC78492BA044D80027F6C8 = {
						CreatedOnToolsVersion = 15.3;
					};
				};
			};
			buildConfigurationList = 9EFC78452BA044D80027F6C8 /* Build configuration list for PBXProject "CleanArchitectureDemo" */;
			compatibilityVersion = "Xcode 14.0";
			developmentRegion = en;
			hasScannedForEncodings = 0;
			knownRegions = (
				en,
				Base,
			);
			mainGroup = 9EFC78412BA044D80027F6C8;
			productRefGroup = 9EFC784B2BA044D80027F6C8 /* Products */;
			projectDirPath = "";
			projectRoot = "";
			targets = (
				9EFC78492BA044D80027F6C8 /* CleanArchitectureDemo */,
			);
		};
/* End PBXProject section */

/* Begin PBXResourcesBuildPhase section */
		9EFC78482BA044D80027F6C8 /* Resources */ = {
			isa = PBXResourcesBuildPhase;
			buildActionMask = 2147483647;
			files = (
				9EFC78572BA044D90027F6C8 /* Assets.xcassets in Resources */,
				9EFC78652BA047610027F6C8 /* UsersViewController.xib in Resources */,
				9EFC78862BA0569F0027F6C8 /* UserDetailViewController.xib in Resources */,
				9EFC785A2BA044D90027F6C8 /* Base in Resources */,
			);
			runOnlyForDeploymentPostprocessing = 0;
		};
/* End PBXResourcesBuildPhase section */

/* Begin PBXSourcesBuildPhase section */
		9EFC78462BA044D80027F6C8 /* Sources */ = {
			isa = PBXSourcesBuildPhase;
			buildActionMask = 2147483647;
			files = (
				9EFC787B2BA054D20027F6C8 /* UsersView.swift in Sources */,
				9EFC787D2BA054F20027F6C8 /* UserViewModel.swift in Sources */,
				9EFC78692BA04D2C0027F6C8 /* User.swift in Sources */,
				9EFC78822BA0566D0027F6C8 /* UsersRouterImplement.swift in Sources */,
				9EFC78712BA0521D0027F6C8 /* UserRepositoryImplementation.swift in Sources */,
				9EFC786C2BA04DBD0027F6C8 /* GetUsersUseCase.swift in Sources */,
				9EFC78762BA054220027F6C8 /* UsersPresenter.swift in Sources */,
				9EFC788B2BA14C810027F6C8 /* ViewControllerFactory.swift in Sources */,
				9EFC78882BA059690027F6C8 /* UserViewImplement.swift in Sources */,
				9EFC786F2BA0519A0027F6C8 /* UserRepository.swift in Sources */,
				9EFC784E2BA044D80027F6C8 /* AppDelegate.swift in Sources */,
				9EFC78642BA047610027F6C8 /* UsersViewController.swift in Sources */,
				9EFC78782BA054420027F6C8 /* UserPresenterImplementation.swift in Sources */,
				9EFC78852BA0569F0027F6C8 /* UserDetailViewController.swift in Sources */,
				9EFC78502BA044D80027F6C8 /* SceneDelegate.swift in Sources */,
				9EFC78802BA0564F0027F6C8 /* UsersRouter.swift in Sources */,
				9EFC78732BA052ED0027F6C8 /* GetUsersUseCaseImplementation.swift in Sources */,
			);
			runOnlyForDeploymentPostprocessing = 0;
		};
/* End PBXSourcesBuildPhase section */

/* Begin PBXVariantGroup section */
		9EFC78582BA044D90027F6C8 /* LaunchScreen.storyboard */ = {
			isa = PBXVariantGroup;
			children = (
				9EFC78592BA044D90027F6C8 /* Base */,
			);
			name = LaunchScreen.storyboard;
			sourceTree = "<group>";
		};
/* End PBXVariantGroup section */

/* Begin XCBuildConfiguration section */
		9EFC785C2BA044D90027F6C8 /* Debug */ = {
			isa = XCBuildConfiguration;
			buildSettings = {
				ALWAYS_SEARCH_USER_PATHS = NO;
				ASSETCATALOG_COMPILER_GENERATE_SWIFT_ASSET_SYMBOL_EXTENSIONS = YES;
				CLANG_ANALYZER_NONNULL = YES;
				CLANG_ANALYZER_NUMBER_OBJECT_CONVERSION = YES_AGGRESSIVE;
				CLANG_CXX_LANGUAGE_STANDARD = "gnu++20";
				CLANG_ENABLE_MODULES = YES;
				CLANG_ENABLE_OBJC_ARC = YES;
				CLANG_ENABLE_OBJC_WEAK = YES;
				CLANG_WARN_BLOCK_CAPTURE_AUTORELEASING = YES;
				CLANG_WARN_BOOL_CONVERSION = YES;
				CLANG_WARN_COMMA = YES;
				CLANG_WARN_CONSTANT_CONVERSION = YES;
				CLANG_WARN_DEPRECATED_OBJC_IMPLEMENTATIONS = YES;
				CLANG_WARN_DIRECT_OBJC_ISA_USAGE = YES_ERROR;
				CLANG_WARN_DOCUMENTATION_COMMENTS = YES;
				CLANG_WARN_EMPTY_BODY = YES;
				CLANG_WARN_ENUM_CONVERSION = YES;
				CLANG_WARN_INFINITE_RECURSION = YES;
				CLANG_WARN_INT_CONVERSION = YES;
				CLANG_WARN_NON_LITERAL_NULL_CONVERSION = YES;
				CLANG_WARN_OBJC_IMPLICIT_RETAIN_SELF = YES;
				CLANG_WARN_OBJC_LITERAL_CONVERSION = YES;
				CLANG_WARN_OBJC_ROOT_CLASS = YES_ERROR;
				CLANG_WARN_QUOTED_INCLUDE_IN_FRAMEWORK_HEADER = YES;
				CLANG_WARN_RANGE_LOOP_ANALYSIS = YES;
				CLANG_WARN_STRICT_PROTOTYPES = YES;
				CLANG_WARN_SUSPICIOUS_MOVE = YES;
				CLANG_WARN_UNGUARDED_AVAILABILITY = YES_AGGRESSIVE;
				CLANG_WARN_UNREACHABLE_CODE = YES;
				CLANG_WARN__DUPLICATE_METHOD_MATCH = YES;
				COPY_PHASE_STRIP = NO;
				DEBUG_INFORMATION_FORMAT = dwarf;
				ENABLE_STRICT_OBJC_MSGSEND = YES;
				ENABLE_TESTABILITY = YES;
				ENABLE_USER_SCRIPT_SANDBOXING = YES;
				GCC_C_LANGUAGE_STANDARD = gnu17;
				GCC_DYNAMIC_NO_PIC = NO;
				GCC_NO_COMMON_BLOCKS = YES;
				GCC_OPTIMIZATION_LEVEL = 0;
				GCC_PREPROCESSOR_DEFINITIONS = (
					"DEBUG=1",
					"$(inherited)",
				);
				GCC_WARN_64_TO_32_BIT_CONVERSION = YES;
				GCC_WARN_ABOUT_RETURN_TYPE = YES_ERROR;
				GCC_WARN_UNDECLARED_SELECTOR = YES;
				GCC_WARN_UNINITIALIZED_AUTOS = YES_AGGRESSIVE;
				GCC_WARN_UNUSED_FUNCTION = YES;
				GCC_WARN_UNUSED_VARIABLE = YES;
				IPHONEOS_DEPLOYMENT_TARGET = 17.0;
				LOCALIZATION_PREFERS_STRING_CATALOGS = YES;
				MTL_ENABLE_DEBUG_INFO = INCLUDE_SOURCE;
				MTL_FAST_MATH = YES;
				ONLY_ACTIVE_ARCH = YES;
				SDKROOT = iphoneos;
				SWIFT_ACTIVE_COMPILATION_CONDITIONS = "DEBUG $(inherited)";
				SWIFT_OPTIMIZATION_LEVEL = "-Onone";
			};
			name = Debug;
		};
		9EFC785D2BA044D90027F6C8 /* Release */ = {
			isa = XCBuildConfiguration;
			buildSettings = {
				ALWAYS_SEARCH_USER_PATHS = NO;
				ASSETCATALOG_COMPILER_GENERATE_SWIFT_ASSET_SYMBOL_EXTENSIONS = YES;
				CLANG_ANALYZER_NONNULL = YES;
				CLANG_ANALYZER_NUMBER_OBJECT_CONVERSION = YES_AGGRESSIVE;
				CLANG_CXX_LANGUAGE_STANDARD = "gnu++20";
				CLANG_ENABLE_MODULES = YES;
				CLANG_ENABLE_OBJC_ARC = YES;
				CLANG_ENABLE_OBJC_WEAK = YES;
				CLANG_WARN_BLOCK_CAPTURE_AUTORELEASING = YES;
				CLANG_WARN_BOOL_CONVERSION = YES;
				CLANG_WARN_COMMA = YES;
				CLANG_WARN_CONSTANT_CONVERSION = YES;
				CLANG_WARN_DEPRECATED_OBJC_IMPLEMENTATIONS = YES;
				CLANG_WARN_DIRECT_OBJC_ISA_USAGE = YES_ERROR;
				CLANG_WARN_DOCUMENTATION_COMMENTS = YES;
				CLANG_WARN_EMPTY_BODY = YES;
				CLANG_WARN_ENUM_CONVERSION = YES;
				CLANG_WARN_INFINITE_RECURSION = YES;
				CLANG_WARN_INT_CONVERSION = YES;
				CLANG_WARN_NON_LITERAL_NULL_CONVERSION = YES;
				CLANG_WARN_OBJC_IMPLICIT_RETAIN_SELF = YES;
				CLANG_WARN_OBJC_LITERAL_CONVERSION = YES;
				CLANG_WARN_OBJC_ROOT_CLASS = YES_ERROR;
				CLANG_WARN_QUOTED_INCLUDE_IN_FRAMEWORK_HEADER = YES;
				CLANG_WARN_RANGE_LOOP_ANALYSIS = YES;
				CLANG_WARN_STRICT_PROTOTYPES = YES;
				CLANG_WARN_SUSPICIOUS_MOVE = YES;
				CLANG_WARN_UNGUARDED_AVAILABILITY = YES_AGGRESSIVE;
				CLANG_WARN_UNREACHABLE_CODE = YES;
				CLANG_WARN__DUPLICATE_METHOD_MATCH = YES;
				COPY_PHASE_STRIP = NO;
				DEBUG_INFORMATION_FORMAT = "dwarf-with-dsym";
				ENABLE_NS_ASSERTIONS = NO;
				ENABLE_STRICT_OBJC_MSGSEND = YES;
				ENABLE_USER_SCRIPT_SANDBOXING = YES;
				GCC_C_LANGUAGE_STANDARD = gnu17;
				GCC_NO_COMMON_BLOCKS = YES;
				GCC_WARN_64_TO_32_BIT_CONVERSION = YES;
				GCC_WARN_ABOUT_RETURN_TYPE = YES_ERROR;
				GCC_WARN_UNDECLARED_SELECTOR = YES;
				GCC_WARN_UNINITIALIZED_AUTOS = YES_AGGRESSIVE;
				GCC_WARN_UNUSED_FUNCTION = YES;
				GCC_WARN_UNUSED_VARIABLE = YES;
				IPHONEOS_DEPLOYMENT_TARGET = 17.0;
				LOCALIZATION_PREFERS_STRING_CATALOGS = YES;
				MTL_ENABLE_DEBUG_INFO = NO;
				MTL_FAST_MATH = YES;
				SDKROOT = iphoneos;
				SWIFT_COMPILATION_MODE = wholemodule;
				VALIDATE_PRODUCT = YES;
			};
			name = Release;
		};
		9EFC785F2BA044D90027F6C8 /* Debug */ = {
			isa = XCBuildConfiguration;
			buildSettings = {
				ASSETCATALOG_COMPILER_APPICON_NAME = AppIcon;
				ASSETCATALOG_COMPILER_GLOBAL_ACCENT_COLOR_NAME = AccentColor;
				CODE_SIGN_STYLE = Automatic;
				CURRENT_PROJECT_VERSION = 1;
				GENERATE_INFOPLIST_FILE = YES;
				INFOPLIST_FILE = CleanArchitectureDemo/Info.plist;
				INFOPLIST_KEY_UIApplicationSupportsIndirectInputEvents = YES;
				INFOPLIST_KEY_UILaunchStoryboardName = LaunchScreen;
				INFOPLIST_KEY_UISupportedInterfaceOrientations_iPad = "UIInterfaceOrientationPortrait UIInterfaceOrientationPortraitUpsideDown UIInterfaceOrientationLandscapeLeft UIInterfaceOrientationLandscapeRight";
				INFOPLIST_KEY_UISupportedInterfaceOrientations_iPhone = "UIInterfaceOrientationPortrait UIInterfaceOrientationLandscapeLeft UIInterfaceOrientationLandscapeRight";
				LD_RUNPATH_SEARCH_PATHS = (
					"$(inherited)",
					"@executable_path/Frameworks",
				);
				MARKETING_VERSION = 1.0;
				PRODUCT_BUNDLE_IDENTIFIER = com.fx.CleanArchitectureDemo;
				PRODUCT_NAME = "$(TARGET_NAME)";
				SUPPORTED_PLATFORMS = "iphoneos iphonesimulator";
				SUPPORTS_MACCATALYST = NO;
				SUPPORTS_MAC_DESIGNED_FOR_IPHONE_IPAD = NO;
				SUPPORTS_XR_DESIGNED_FOR_IPHONE_IPAD = NO;
				SWIFT_EMIT_LOC_STRINGS = YES;
				SWIFT_VERSION = 5.0;
				TARGETED_DEVICE_FAMILY = 1;
			};
			name = Debug;
		};
		9EFC78602BA044D90027F6C8 /* Release */ = {
			isa = XCBuildConfiguration;
			buildSettings = {
				ASSETCATALOG_COMPILER_APPICON_NAME = AppIcon;
				ASSETCATALOG_COMPILER_GLOBAL_ACCENT_COLOR_NAME = AccentColor;
				CODE_SIGN_STYLE = Automatic;
				CURRENT_PROJECT_VERSION = 1;
				GENERATE_INFOPLIST_FILE = YES;
				INFOPLIST_FILE = CleanArchitectureDemo/Info.plist;
				INFOPLIST_KEY_UIApplicationSupportsIndirectInputEvents = YES;
				INFOPLIST_KEY_UILaunchStoryboardName = LaunchScreen;
				INFOPLIST_KEY_UISupportedInterfaceOrientations_iPad = "UIInterfaceOrientationPortrait UIInterfaceOrientationPortraitUpsideDown UIInterfaceOrientationLandscapeLeft UIInterfaceOrientationLandscapeRight";
				INFOPLIST_KEY_UISupportedInterfaceOrientations_iPhone = "UIInterfaceOrientationPortrait UIInterfaceOrientationLandscapeLeft UIInterfaceOrientationLandscapeRight";
				LD_RUNPATH_SEARCH_PATHS = (
					"$(inherited)",
					"@executable_path/Frameworks",
				);
				MARKETING_VERSION = 1.0;
				PRODUCT_BUNDLE_IDENTIFIER = com.fx.CleanArchitectureDemo;
				PRODUCT_NAME = "$(TARGET_NAME)";
				SUPPORTED_PLATFORMS = "iphoneos iphonesimulator";
				SUPPORTS_MACCATALYST = NO;
				SUPPORTS_MAC_DESIGNED_FOR_IPHONE_IPAD = NO;
				SUPPORTS_XR_DESIGNED_FOR_IPHONE_IPAD = NO;
				SWIFT_EMIT_LOC_STRINGS = YES;
				SWIFT_VERSION = 5.0;
				TARGETED_DEVICE_FAMILY = 1;
			};
			name = Release;
		};
/* End XCBuildConfiguration section */

/* Begin XCConfigurationList section */
		9EFC78452BA044D80027F6C8 /* Build configuration list for PBXProject "CleanArchitectureDemo" */ = {
			isa = XCConfigurationList;
			buildConfigurations = (
				9EFC785C2BA044D90027F6C8 /* Debug */,
				9EFC785D2BA044D90027F6C8 /* Release */,
			);
			defaultConfigurationIsVisible = 0;
			defaultConfigurationName = Release;
		};
		9EFC785E2BA044D90027F6C8 /* Build configuration list for PBXNativeTarget "CleanArchitectureDemo" */ = {
			isa = XCConfigurationList;
			buildConfigurations = (
				9EFC785F2BA044D90027F6C8 /* Debug */,
				9EFC78602BA044D90027F6C8 /* Release */,
			);
			defaultConfigurationIsVisible = 0;
			defaultConfigurationName = Release;
		};
/* End XCConfigurationList section */
	};
	rootObject = 9EFC78422BA044D80027F6C8 /* Project object */;
}
